
Microsoft Visual Studio Solution File, Format Version 12.00
# Visual Studio Version 16
VisualStudioVersion = 16.0.29905.134
MinimumVisualStudioVersion = 10.0.40219.1
Project("{FAE04EC0-301F-11D3-BF4B-00C04F79EFBC}") = "DataGridControl", "DataGridControl\DataGridControl.csproj", "{A947CDDB-7A0A-47EB-A36F-566F685C2AAF}"
EndProject
Global
	GlobalSection(SolutionConfigurationPlatforms) = preSolution
		Debug|Any CPU = Debug|Any CPU
		Release|Any CPU = Release|Any CPU
	EndGlobalSection
	GlobalSection(ProjectConfigurationPlatforms) = postSolution
		{A947CDDB-7A0A-47EB-A36F-566F685C2AAF}.Debug|Any CPU.ActiveCfg = Debug|Any CPU
		{A947CDDB-7A0A-47EB-A36F-566F685C2AAF}.Debug|Any CPU.Build.0 = Debug|Any CPU
		{A947CDDB-7A0A-47EB-A36F-566F685C2AAF}.Release|Any CPU.ActiveCfg = Release|Any CPU
		{A947CDDB-7A0A-47EB-A36F-566F685C2AAF}.Release|Any CPU.Build.0 = Release|Any CPU
	EndGlobalSection
	GlobalSection(SolutionProperties) = preSolution
		HideSolutionNode = FALSE
	EndGlobalSection
	GlobalSection(ExtensibilityGlobals) = postSolution
		SolutionGuid = {EAEDF70D-0C9D-4E13-8FD9-01BF61DAA220}
	EndGlobalSection
EndGlobal
